
Microsoft Visual Studio Solution File, Format Version 12.00
# Visual Studio Version 17
VisualStudioVersion = 17.14.36212.18 d17.14
MinimumVisualStudioVersion = 10.0.40219.1
Project("{FAE04EC0-301F-11D3-BF4B-00C04F79EFBC}") = "GenerateAndCompressPDF", "GenerateAndCompressPDF.csproj", "{C254BDEB-AC44-4266-A471-3202CE132CC7}"
EndProject
Global
	GlobalSection(SolutionConfigurationPlatforms) = preSolution
		Debug|Any CPU = Debug|Any CPU
		Release|Any CPU = Release|Any CPU
	EndGlobalSection
	GlobalSection(ProjectConfigurationPlatforms) = postSolution
		{C254BDEB-AC44-4266-A471-3202CE132CC7}.Debug|Any CPU.ActiveCfg = Debug|Any CPU
		{C254BDEB-AC44-4266-A471-3202CE132CC7}.Debug|Any CPU.Build.0 = Debug|Any CPU
		{C254BDEB-AC44-4266-A471-3202CE132CC7}.Release|Any CPU.ActiveCfg = Release|Any CPU
		{C254BDEB-AC44-4266-A471-3202CE132CC7}.Release|Any CPU.Build.0 = Release|Any CPU
	EndGlobalSection
	GlobalSection(SolutionProperties) = preSolution
		HideSolutionNode = FALSE
	EndGlobalSection
	GlobalSection(ExtensibilityGlobals) = postSolution
		SolutionGuid = {89E55131-2719-4139-9741-5B20CEEA4419}
	EndGlobalSection
EndGlobal
